
Microsoft Visual Studio Solution File, Format Version 12.00
# Visual Studio Version 16
VisualStudioVersion = 16.0.31702.278
MinimumVisualStudioVersion = 10.0.40219.1
Project("{FAE04EC0-301F-11D3-BF4B-00C04F79EFBC}") = "SphereOnlineJudgeExercises", "SphereOnlineJudgeExercises.csproj", "{DE5D6F6D-76DF-4622-8D44-1A6732B2697B}"
EndProject
Global
	GlobalSection(SolutionConfigurationPlatforms) = preSolution
		Debug|Any CPU = Debug|Any CPU
		Release|Any CPU = Release|Any CPU
	EndGlobalSection
	GlobalSection(ProjectConfigurationPlatforms) = postSolution
		{DE5D6F6D-76DF-4622-8D44-1A6732B2697B}.Debug|Any CPU.ActiveCfg = Debug|Any CPU
		{DE5D6F6D-76DF-4622-8D44-1A6732B2697B}.Debug|Any CPU.Build.0 = Debug|Any CPU
		{DE5D6F6D-76DF-4622-8D44-1A6732B2697B}.Release|Any CPU.ActiveCfg = Release|Any CPU
		{DE5D6F6D-76DF-4622-8D44-1A6732B2697B}.Release|Any CPU.Build.0 = Release|Any CPU
	EndGlobalSection
	GlobalSection(SolutionProperties) = preSolution
		HideSolutionNode = FALSE
	EndGlobalSection
	GlobalSection(ExtensibilityGlobals) = postSolution
		SolutionGuid = {D4520879-C828-4995-ABA2-53EF433D41B1}
	EndGlobalSection
EndGlobal
